// !$*UTF8*$!
{
	archiveVersion = 1;
	classes = {
	};
	objectVersion = 56;
	objects = {

/* Begin PBXBuildFile section */
		AA0000010000000000000001 /* ScreenNoteApp.swift in Sources */ = {isa = PBXBuildFile; fileRef = AA0000000000000000000001 /* ScreenNoteApp.swift */; };
		AA0000010000000000000002 /* AppDelegate.swift in Sources */ = {isa = PBXBuildFile; fileRef = AA0000000000000000000002 /* AppDelegate.swift */; };
		AA0000010000000000000011 /* Screenshot.swift in Sources */ = {isa = PBXBuildFile; fileRef = AA0000000000000000000011 /* Screenshot.swift */; };
		AA0000010000000000000012 /* Annotation.swift in Sources */ = {isa = PBXBuildFile; fileRef = AA0000000000000000000012 /* Annotation.swift */; };
		AA0000010000000000000013 /* AnnotationType.swift in Sources */ = {isa = PBXBuildFile; fileRef = AA0000000000000000000013 /* AnnotationType.swift */; };
		AA0000010000000000000021 /* ScreenCaptureService.swift in Sources */ = {isa = PBXBuildFile; fileRef = AA0000000000000000000021 /* ScreenCaptureService.swift */; };
		AA0000010000000000000022 /* HotKeyService.swift in Sources */ = {isa = PBXBuildFile; fileRef = AA0000000000000000000022 /* HotKeyService.swift */; };
		AA0000010000000000000023 /* StorageService.swift in Sources */ = {isa = PBXBuildFile; fileRef = AA0000000000000000000023 /* StorageService.swift */; };
		AA0000010000000000000024 /* AnnotationRenderer.swift in Sources */ = {isa = PBXBuildFile; fileRef = AA0000000000000000000024 /* AnnotationRenderer.swift */; };
		AA0000010000000000000031 /* AnnotationViewModel.swift in Sources */ = {isa = PBXBuildFile; fileRef = AA0000000000000000000031 /* AnnotationViewModel.swift */; };
		AA0000010000000000000032 /* HistoryViewModel.swift in Sources */ = {isa = PBXBuildFile; fileRef = AA0000000000000000000032 /* HistoryViewModel.swift */; };
		AA0000010000000000000041 /* MenuBarView.swift in Sources */ = {isa = PBXBuildFile; fileRef = AA0000000000000000000041 /* MenuBarView.swift */; };
		AA0000010000000000000042 /* AnnotationOverlayWindow.swift in Sources */ = {isa = PBXBuildFile; fileRef = AA0000000000000000000042 /* AnnotationOverlayWindow.swift */; };
		AA0000010000000000000043 /* AnnotationToolbar.swift in Sources */ = {isa = PBXBuildFile; fileRef = AA0000000000000000000043 /* AnnotationToolbar.swift */; };
		AA0000010000000000000044 /* AnnotationCanvas.swift in Sources */ = {isa = PBXBuildFile; fileRef = AA0000000000000000000044 /* AnnotationCanvas.swift */; };
		AA0000010000000000000045 /* HistoryPanel.swift in Sources */ = {isa = PBXBuildFile; fileRef = AA0000000000000000000045 /* HistoryPanel.swift */; };
		AA0000010000000000000046 /* SettingsView.swift in Sources */ = {isa = PBXBuildFile; fileRef = AA0000000000000000000046 /* SettingsView.swift */; };
		AA0000010000000000000051 /* NSImage+Extensions.swift in Sources */ = {isa = PBXBuildFile; fileRef = AA0000000000000000000051 /* NSImage+Extensions.swift */; };
		AA0000010000000000000052 /* Color+Extensions.swift in Sources */ = {isa = PBXBuildFile; fileRef = AA0000000000000000000052 /* Color+Extensions.swift */; };
		AA0000010000000000000053 /* CGImage+Extensions.swift in Sources */ = {isa = PBXBuildFile; fileRef = AA0000000000000000000053 /* CGImage+Extensions.swift */; };
		AA0000010000000000000060 /* Assets.xcassets in Resources */ = {isa = PBXBuildFile; fileRef = AA0000000000000000000060 /* Assets.xcassets */; };
/* End PBXBuildFile section */

/* Begin PBXFileReference section */
		AA0000000000000000000000 /* ScreenNote.app */ = {isa = PBXFileReference; explicitFileType = wrapper.application; includeInIndex = 0; path = ScreenNote.app; sourceTree = BUILT_PRODUCTS_DIR; };
		AA0000000000000000000001 /* ScreenNoteApp.swift */ = {isa = PBXFileReference; lastKnownFileType = sourcecode.swift; path = ScreenNoteApp.swift; sourceTree = "<group>"; };
		AA0000000000000000000002 /* AppDelegate.swift */ = {isa = PBXFileReference; lastKnownFileType = sourcecode.swift; path = AppDelegate.swift; sourceTree = "<group>"; };
		AA0000000000000000000011 /* Screenshot.swift */ = {isa = PBXFileReference; lastKnownFileType = sourcecode.swift; path = Screenshot.swift; sourceTree = "<group>"; };
		AA0000000000000000000012 /* Annotation.swift */ = {isa = PBXFileReference; lastKnownFileType = sourcecode.swift; path = Annotation.swift; sourceTree = "<group>"; };
		AA0000000000000000000013 /* AnnotationType.swift */ = {isa = PBXFileReference; lastKnownFileType = sourcecode.swift; path = AnnotationType.swift; sourceTree = "<group>"; };
		AA0000000000000000000021 /* ScreenCaptureService.swift */ = {isa = PBXFileReference; lastKnownFileType = sourcecode.swift; path = ScreenCaptureService.swift; sourceTree = "<group>"; };
		AA0000000000000000000022 /* HotKeyService.swift */ = {isa = PBXFileReference; lastKnownFileType = sourcecode.swift; path = HotKeyService.swift; sourceTree = "<group>"; };
		AA0000000000000000000023 /* StorageService.swift */ = {isa = PBXFileReference; lastKnownFileType = sourcecode.swift; path = StorageService.swift; sourceTree = "<group>"; };
		AA0000000000000000000024 /* AnnotationRenderer.swift */ = {isa = PBXFileReference; lastKnownFileType = sourcecode.swift; path = AnnotationRenderer.swift; sourceTree = "<group>"; };
		AA0000000000000000000031 /* AnnotationViewModel.swift */ = {isa = PBXFileReference; lastKnownFileType = sourcecode.swift; path = AnnotationViewModel.swift; sourceTree = "<group>"; };
		AA0000000000000000000032 /* HistoryViewModel.swift */ = {isa = PBXFileReference; lastKnownFileType = sourcecode.swift; path = HistoryViewModel.swift; sourceTree = "<group>"; };
		AA0000000000000000000041 /* MenuBarView.swift */ = {isa = PBXFileReference; lastKnownFileType = sourcecode.swift; path = MenuBarView.swift; sourceTree = "<group>"; };
		AA0000000000000000000042 /* AnnotationOverlayWindow.swift */ = {isa = PBXFileReference; lastKnownFileType = sourcecode.swift; path = AnnotationOverlayWindow.swift; sourceTree = "<group>"; };
		AA0000000000000000000043 /* AnnotationToolbar.swift */ = {isa = PBXFileReference; lastKnownFileType = sourcecode.swift; path = AnnotationToolbar.swift; sourceTree = "<group>"; };
		AA0000000000000000000044 /* AnnotationCanvas.swift */ = {isa = PBXFileReference; lastKnownFileType = sourcecode.swift; path = AnnotationCanvas.swift; sourceTree = "<group>"; };
		AA0000000000000000000045 /* HistoryPanel.swift */ = {isa = PBXFileReference; lastKnownFileType = sourcecode.swift; path = HistoryPanel.swift; sourceTree = "<group>"; };
		AA0000000000000000000046 /* SettingsView.swift */ = {isa = PBXFileReference; lastKnownFileType = sourcecode.swift; path = SettingsView.swift; sourceTree = "<group>"; };
		AA0000000000000000000051 /* NSImage+Extensions.swift */ = {isa = PBXFileReference; lastKnownFileType = sourcecode.swift; path = "NSImage+Extensions.swift"; sourceTree = "<group>"; };
		AA0000000000000000000052 /* Color+Extensions.swift */ = {isa = PBXFileReference; lastKnownFileType = sourcecode.swift; path = "Color+Extensions.swift"; sourceTree = "<group>"; };
		AA0000000000000000000053 /* CGImage+Extensions.swift */ = {isa = PBXFileReference; lastKnownFileType = sourcecode.swift; path = "CGImage+Extensions.swift"; sourceTree = "<group>"; };
		AA0000000000000000000060 /* Assets.xcassets */ = {isa = PBXFileReference; lastKnownFileType = folder.assetcatalog; path = Assets.xcassets; sourceTree = "<group>"; };
		AA0000000000000000000070 /* Info.plist */ = {isa = PBXFileReference; lastKnownFileType = text.plist.xml; path = Info.plist; sourceTree = "<group>"; };
		AA0000000000000000000071 /* ScreenNote.entitlements */ = {isa = PBXFileReference; lastKnownFileType = text.plist.entitlements; path = ScreenNote.entitlements; sourceTree = "<group>"; };
/* End PBXFileReference section */

/* Begin PBXFrameworksBuildPhase section */
		AA0000020000000000000000 /* Frameworks */ = {
			isa = PBXFrameworksBuildPhase;
			buildActionMask = 2147483647;
			files = (
			);
			runOnlyForDeploymentPostprocessing = 0;
		};
/* End PBXFrameworksBuildPhase section */

/* Begin PBXGroup section */
		AA0000030000000000000000 = {
			isa = PBXGroup;
			children = (
				AA0000030000000000000001 /* ScreenNote */,
				AA0000030000000000000002 /* Products */,
			);
			sourceTree = "<group>";
		};
		AA0000030000000000000001 /* ScreenNote */ = {
			isa = PBXGroup;
			children = (
				AA0000000000000000000001 /* ScreenNoteApp.swift */,
				AA0000000000000000000002 /* AppDelegate.swift */,
				AA0000030000000000000010 /* Models */,
				AA0000030000000000000020 /* Services */,
				AA0000030000000000000030 /* ViewModels */,
				AA0000030000000000000040 /* Views */,
				AA0000030000000000000050 /* Extensions */,
				AA0000000000000000000060 /* Assets.xcassets */,
				AA0000000000000000000070 /* Info.plist */,
				AA0000000000000000000071 /* ScreenNote.entitlements */,
			);
			path = ScreenNote;
			sourceTree = "<group>";
		};
		AA0000030000000000000002 /* Products */ = {
			isa = PBXGroup;
			children = (
				AA0000000000000000000000 /* ScreenNote.app */,
			);
			name = Products;
			sourceTree = "<group>";
		};
		AA0000030000000000000010 /* Models */ = {
			isa = PBXGroup;
			children = (
				AA0000000000000000000011 /* Screenshot.swift */,
				AA0000000000000000000012 /* Annotation.swift */,
				AA0000000000000000000013 /* AnnotationType.swift */,
			);
			path = Models;
			sourceTree = "<group>";
		};
		AA0000030000000000000020 /* Services */ = {
			isa = PBXGroup;
			children = (
				AA0000000000000000000021 /* ScreenCaptureService.swift */,
				AA0000000000000000000022 /* HotKeyService.swift */,
				AA0000000000000000000023 /* StorageService.swift */,
				AA0000000000000000000024 /* AnnotationRenderer.swift */,
			);
			path = Services;
			sourceTree = "<group>";
		};
		AA0000030000000000000030 /* ViewModels */ = {
			isa = PBXGroup;
			children = (
				AA0000000000000000000031 /* AnnotationViewModel.swift */,
				AA0000000000000000000032 /* HistoryViewModel.swift */,
			);
			path = ViewModels;
			sourceTree = "<group>";
		};
		AA0000030000000000000040 /* Views */ = {
			isa = PBXGroup;
			children = (
				AA0000000000000000000041 /* MenuBarView.swift */,
				AA0000000000000000000042 /* AnnotationOverlayWindow.swift */,
				AA0000000000000000000043 /* AnnotationToolbar.swift */,
				AA0000000000000000000044 /* AnnotationCanvas.swift */,
				AA0000000000000000000045 /* HistoryPanel.swift */,
				AA0000000000000000000046 /* SettingsView.swift */,
			);
			path = Views;
			sourceTree = "<group>";
		};
		AA0000030000000000000050 /* Extensions */ = {
			isa = PBXGroup;
			children = (
				AA0000000000000000000051 /* NSImage+Extensions.swift */,
				AA0000000000000000000052 /* Color+Extensions.swift */,
				AA0000000000000000000053 /* CGImage+Extensions.swift */,
			);
			path = Extensions;
			sourceTree = "<group>";
		};
/* End PBXGroup section */

/* Begin PBXNativeTarget section */
		AA0000040000000000000000 /* ScreenNote */ = {
			isa = PBXNativeTarget;
			buildConfigurationList = AA0000050000000000000000 /* Build configuration list for PBXNativeTarget "ScreenNote" */;
			buildPhases = (
				AA0000020000000000000000 /* Frameworks */,
				AA0000060000000000000000 /* Sources */,
				AA0000070000000000000000 /* Resources */,
			);
			buildRules = (
			);
			dependencies = (
			);
			name = ScreenNote;
			productName = ScreenNote;
			productReference = AA0000000000000000000000 /* ScreenNote.app */;
			productType = "com.apple.product-type.application";
		};
/* End PBXNativeTarget section */

/* Begin PBXProject section */
		AA0000080000000000000000 /* Project object */ = {
			isa = PBXProject;
			attributes = {
				BuildIndependentTargetsInParallel = 1;
				LastSwiftUpdateCheck = 1520;
				LastUpgradeCheck = 1520;
				TargetAttributes = {
					AA0000040000000000000000 = {
						CreatedOnToolsVersion = 15.2;
					};
				};
			};
			buildConfigurationList = AA0000090000000000000000 /* Build configuration list for PBXProject "ScreenNote" */;
			compatibilityVersion = "Xcode 14.0";
			developmentRegion = en;
			hasScannedForEncodings = 0;
			knownRegions = (
				en,
				Base,
			);
			mainGroup = AA0000030000000000000000;
			productRefGroup = AA0000030000000000000002 /* Products */;
			projectDirPath = "";
			projectRoot = "";
			targets = (
				AA0000040000000000000000 /* ScreenNote */,
			);
		};
/* End PBXProject section */

/* Begin PBXResourcesBuildPhase section */
		AA0000070000000000000000 /* Resources */ = {
			isa = PBXResourcesBuildPhase;
			buildActionMask = 2147483647;
			files = (
				AA0000010000000000000060 /* Assets.xcassets in Resources */,
			);
			runOnlyForDeploymentPostprocessing = 0;
		};
/* End PBXResourcesBuildPhase section */

/* Begin PBXSourcesBuildPhase section */
		AA0000060000000000000000 /* Sources */ = {
			isa = PBXSourcesBuildPhase;
			buildActionMask = 2147483647;
			files = (
				AA0000010000000000000001 /* ScreenNoteApp.swift in Sources */,
				AA0000010000000000000002 /* AppDelegate.swift in Sources */,
				AA0000010000000000000011 /* Screenshot.swift in Sources */,
				AA0000010000000000000012 /* Annotation.swift in Sources */,
				AA0000010000000000000013 /* AnnotationType.swift in Sources */,
				AA0000010000000000000021 /* ScreenCaptureService.swift in Sources */,
				AA0000010000000000000022 /* HotKeyService.swift in Sources */,
				AA0000010000000000000023 /* StorageService.swift in Sources */,
				AA0000010000000000000024 /* AnnotationRenderer.swift in Sources */,
				AA0000010000000000000031 /* AnnotationViewModel.swift in Sources */,
				AA0000010000000000000032 /* HistoryViewModel.swift in Sources */,
				AA0000010000000000000041 /* MenuBarView.swift in Sources */,
				AA0000010000000000000042 /* AnnotationOverlayWindow.swift in Sources */,
				AA0000010000000000000043 /* AnnotationToolbar.swift in Sources */,
				AA0000010000000000000044 /* AnnotationCanvas.swift in Sources */,
				AA0000010000000000000045 /* HistoryPanel.swift in Sources */,
				AA0000010000000000000046 /* SettingsView.swift in Sources */,
				AA0000010000000000000051 /* NSImage+Extensions.swift in Sources */,
				AA0000010000000000000052 /* Color+Extensions.swift in Sources */,
				AA0000010000000000000053 /* CGImage+Extensions.swift in Sources */,
			);
			runOnlyForDeploymentPostprocessing = 0;
		};
/* End PBXSourcesBuildPhase section */

/* Begin XCBuildConfiguration section */
		AA0000100000000000000000 /* Debug */ = {
			isa = XCBuildConfiguration;
			buildSettings = {
				ALWAYS_SEARCH_USER_PATHS = NO;
				ASSETCATALOG_COMPILER_GENERATE_SWIFT_ASSET_SYMBOL_EXTENSIONS = YES;
				CLANG_ANALYZER_NONNULL = YES;
				CLANG_ANALYZER_NUMBER_OBJECT_CONVERSION = YES_AGGRESSIVE;
				CLANG_CXX_LANGUAGE_STANDARD = "gnu++20";
				CLANG_ENABLE_MODULES = YES;
				CLANG_ENABLE_OBJC_ARC = YES;
				CLANG_ENABLE_OBJC_WEAK = YES;
				CLANG_WARN_BLOCK_CAPTURE_AUTORELEASING = YES;
				CLANG_WARN_BOOL_CONVERSION = YES;
				CLANG_WARN_COMMA = YES;
				CLANG_WARN_CONSTANT_CONVERSION = YES;
				CLANG_WARN_DEPRECATED_OBJC_IMPLEMENTATIONS = YES;
				CLANG_WARN_DIRECT_OBJC_ISA_USAGE = YES_ERROR;
				CLANG_WARN_DOCUMENTATION_COMMENTS = YES;
				CLANG_WARN_EMPTY_BODY = YES;
				CLANG_WARN_ENUM_CONVERSION = YES;
				CLANG_WARN_INFINITE_RECURSION = YES;
				CLANG_WARN_INT_CONVERSION = YES;
				CLANG_WARN_NON_LITERAL_NULL_CONVERSION = YES;
				CLANG_WARN_OBJC_IMPLICIT_RETAIN_SELF = YES;
				CLANG_WARN_OBJC_LITERAL_CONVERSION = YES;
				CLANG_WARN_OBJC_ROOT_CLASS = YES_ERROR;
				CLANG_WARN_QUOTED_INCLUDE_IN_FRAMEWORK_HEADER = YES;
				CLANG_WARN_RANGE_LOOP_ANALYSIS = YES;
				CLANG_WARN_STRICT_PROTOTYPES = YES;
				CLANG_WARN_SUSPICIOUS_MOVE = YES;
				CLANG_WARN_UNGUARDED_AVAILABILITY = YES_AGGRESSIVE;
				CLANG_WARN_UNREACHABLE_CODE = YES;
				CLANG_WARN__DUPLICATE_METHOD_MATCH = YES;
				COPY_PHASE_STRIP = NO;
				DEBUG_INFORMATION_FORMAT = dwarf;
				ENABLE_STRICT_OBJC_MSGSEND = YES;
				ENABLE_TESTABILITY = YES;
				ENABLE_USER_SCRIPT_SANDBOXING = YES;
				GCC_C_LANGUAGE_STANDARD = gnu17;
				GCC_DYNAMIC_NO_PIC = NO;
				GCC_NO_COMMON_BLOCKS = YES;
				GCC_OPTIMIZATION_LEVEL = 0;
				GCC_PREPROCESSOR_DEFINITIONS = (
					"DEBUG=1",
					"$(inherited)",
				);
				GCC_WARN_64_TO_32_BIT_CONVERSION = YES;
				GCC_WARN_ABOUT_RETURN_TYPE = YES_ERROR;
				GCC_WARN_UNDECLARED_SELECTOR = YES;
				GCC_WARN_UNINITIALIZED_AUTOS = YES_AGGRESSIVE;
				GCC_WARN_UNUSED_FUNCTION = YES;
				GCC_WARN_UNUSED_VARIABLE = YES;
				LOCALIZATION_PREFERS_STRING_CATALOGS = YES;
				MACOSX_DEPLOYMENT_TARGET = 14.0;
				MTL_ENABLE_DEBUG_INFO = INCLUDE_SOURCE;
				MTL_FAST_MATH = YES;
				ONLY_ACTIVE_ARCH = YES;
				SDKROOT = macosx;
				SWIFT_ACTIVE_COMPILATION_CONDITIONS = "DEBUG $(inherited)";
				SWIFT_OPTIMIZATION_LEVEL = "-Onone";
			};
			name = Debug;
		};
		AA0000100000000000000001 /* Release */ = {
			isa = XCBuildConfiguration;
			buildSettings = {
				ALWAYS_SEARCH_USER_PATHS = NO;
				ASSETCATALOG_COMPILER_GENERATE_SWIFT_ASSET_SYMBOL_EXTENSIONS = YES;
				CLANG_ANALYZER_NONNULL = YES;
				CLANG_ANALYZER_NUMBER_OBJECT_CONVERSION = YES_AGGRESSIVE;
				CLANG_CXX_LANGUAGE_STANDARD = "gnu++20";
				CLANG_ENABLE_MODULES = YES;
				CLANG_ENABLE_OBJC_ARC = YES;
				CLANG_ENABLE_OBJC_WEAK = YES;
				CLANG_WARN_BLOCK_CAPTURE_AUTORELEASING = YES;
				CLANG_WARN_BOOL_CONVERSION = YES;
				CLANG_WARN_COMMA = YES;
				CLANG_WARN_CONSTANT_CONVERSION = YES;
				CLANG_WARN_DEPRECATED_OBJC_IMPLEMENTATIONS = YES;
				CLANG_WARN_DIRECT_OBJC_ISA_USAGE = YES_ERROR;
				CLANG_WARN_DOCUMENTATION_COMMENTS = YES;
				CLANG_WARN_EMPTY_BODY = YES;
				CLANG_WARN_ENUM_CONVERSION = YES;
				CLANG_WARN_INFINITE_RECURSION = YES;
				CLANG_WARN_INT_CONVERSION = YES;
				CLANG_WARN_NON_LITERAL_NULL_CONVERSION = YES;
				CLANG_WARN_OBJC_IMPLICIT_RETAIN_SELF = YES;
				CLANG_WARN_OBJC_LITERAL_CONVERSION = YES;
				CLANG_WARN_OBJC_ROOT_CLASS = YES_ERROR;
				CLANG_WARN_QUOTED_INCLUDE_IN_FRAMEWORK_HEADER = YES;
				CLANG_WARN_RANGE_LOOP_ANALYSIS = YES;
				CLANG_WARN_STRICT_PROTOTYPES = YES;
				CLANG_WARN_SUSPICIOUS_MOVE = YES;
				CLANG_WARN_UNGUARDED_AVAILABILITY = YES_AGGRESSIVE;
				CLANG_WARN_UNREACHABLE_CODE = YES;
				CLANG_WARN__DUPLICATE_METHOD_MATCH = YES;
				COPY_PHASE_STRIP = NO;
				DEBUG_INFORMATION_FORMAT = "dwarf-with-dsym";
				ENABLE_NS_ASSERTIONS = NO;
				ENABLE_STRICT_OBJC_MSGSEND = YES;
				ENABLE_USER_SCRIPT_SANDBOXING = YES;
				GCC_C_LANGUAGE_STANDARD = gnu17;
				GCC_NO_COMMON_BLOCKS = YES;
				GCC_WARN_64_TO_32_BIT_CONVERSION = YES;
				GCC_WARN_ABOUT_RETURN_TYPE = YES_ERROR;
				GCC_WARN_UNDECLARED_SELECTOR = YES;
				GCC_WARN_UNINITIALIZED_AUTOS = YES_AGGRESSIVE;
				GCC_WARN_UNUSED_FUNCTION = YES;
				GCC_WARN_UNUSED_VARIABLE = YES;
				LOCALIZATION_PREFERS_STRING_CATALOGS = YES;
				MACOSX_DEPLOYMENT_TARGET = 14.0;
				MTL_ENABLE_DEBUG_INFO = NO;
				MTL_FAST_MATH = YES;
				SDKROOT = macosx;
				SWIFT_COMPILATION_MODE = wholemodule;
			};
			name = Release;
		};
		AA0000100000000000000010 /* Debug */ = {
			isa = XCBuildConfiguration;
			buildSettings = {
				ASSETCATALOG_COMPILER_APPICON_NAME = AppIcon;
				ASSETCATALOG_COMPILER_GLOBAL_ACCENT_COLOR_NAME = AccentColor;
				CODE_SIGN_ENTITLEMENTS = ScreenNote/ScreenNote.entitlements;
				CODE_SIGN_STYLE = Automatic;
				COMBINE_HIDPI_IMAGES = YES;
				CURRENT_PROJECT_VERSION = 1;
				DEVELOPMENT_TEAM = "";
				ENABLE_HARDENED_RUNTIME = YES;
				GENERATE_INFOPLIST_FILE = NO;
				INFOPLIST_FILE = ScreenNote/Info.plist;
				INFOPLIST_KEY_LSApplicationCategoryType = "public.app-category.productivity";
				INFOPLIST_KEY_LSUIElement = YES;
				INFOPLIST_KEY_NSHumanReadableCopyright = "Copyright © 2025 LopoDragon. All rights reserved.";
				LD_RUNPATH_SEARCH_PATHS = (
					"$(inherited)",
					"@executable_path/../Frameworks",
				);
				MARKETING_VERSION = 1.0.0;
				PRODUCT_BUNDLE_IDENTIFIER = com.lopodragon.screennote;
				PRODUCT_NAME = "$(TARGET_NAME)";
				SWIFT_EMIT_LOC_STRINGS = YES;
				SWIFT_VERSION = 5.0;
			};
			name = Debug;
		};
		AA0000100000000000000011 /* Release */ = {
			isa = XCBuildConfiguration;
			buildSettings = {
				ASSETCATALOG_COMPILER_APPICON_NAME = AppIcon;
				ASSETCATALOG_COMPILER_GLOBAL_ACCENT_COLOR_NAME = AccentColor;
				CODE_SIGN_ENTITLEMENTS = ScreenNote/ScreenNote.entitlements;
				CODE_SIGN_STYLE = Automatic;
				COMBINE_HIDPI_IMAGES = YES;
				CURRENT_PROJECT_VERSION = 1;
				DEVELOPMENT_TEAM = "";
				ENABLE_HARDENED_RUNTIME = YES;
				GENERATE_INFOPLIST_FILE = NO;
				INFOPLIST_FILE = ScreenNote/Info.plist;
				INFOPLIST_KEY_LSApplicationCategoryType = "public.app-category.productivity";
				INFOPLIST_KEY_LSUIElement = YES;
				INFOPLIST_KEY_NSHumanReadableCopyright = "Copyright © 2025 LopoDragon. All rights reserved.";
				LD_RUNPATH_SEARCH_PATHS = (
					"$(inherited)",
					"@executable_path/../Frameworks",
				);
				MARKETING_VERSION = 1.0.0;
				PRODUCT_BUNDLE_IDENTIFIER = com.lopodragon.screennote;
				PRODUCT_NAME = "$(TARGET_NAME)";
				SWIFT_EMIT_LOC_STRINGS = YES;
				SWIFT_VERSION = 5.0;
			};
			name = Release;
		};
/* End XCBuildConfiguration section */

/* Begin XCConfigurationList section */
		AA0000050000000000000000 /* Build configuration list for PBXNativeTarget "ScreenNote" */ = {
			isa = XCConfigurationList;
			buildConfigurations = (
				AA0000100000000000000010 /* Debug */,
				AA0000100000000000000011 /* Release */,
			);
			defaultConfigurationIsVisible = 0;
			defaultConfigurationName = Release;
		};
		AA0000090000000000000000 /* Build configuration list for PBXProject "ScreenNote" */ = {
			isa = XCConfigurationList;
			buildConfigurations = (
				AA0000100000000000000000 /* Debug */,
				AA0000100000000000000001 /* Release */,
			);
			defaultConfigurationIsVisible = 0;
			defaultConfigurationName = Release;
		};
/* End XCConfigurationList section */
	};
	rootObject = AA0000080000000000000000 /* Project object */;
}
